
Microsoft Visual Studio Solution File, Format Version 12.00
# Visual Studio Version 16
VisualStudioVersion = 16.0.30907.101
MinimumVisualStudioVersion = 10.0.40219.1
Project("{FAE04EC0-301F-11D3-BF4B-00C04F79EFBC}") = "TryTicTacToe", "TryTicTacToe.csproj", "{704438D0-8912-4A13-9329-23EDDC32645C}"
EndProject
Global
	GlobalSection(SolutionConfigurationPlatforms) = preSolution
		Debug|Any CPU = Debug|Any CPU
		Release|Any CPU = Release|Any CPU
	EndGlobalSection
	GlobalSection(ProjectConfigurationPlatforms) = postSolution
		{704438D0-8912-4A13-9329-23EDDC32645C}.Debug|Any CPU.ActiveCfg = Debug|Any CPU
		{704438D0-8912-4A13-9329-23EDDC32645C}.Debug|Any CPU.Build.0 = Debug|Any CPU
		{704438D0-8912-4A13-9329-23EDDC32645C}.Release|Any CPU.ActiveCfg = Release|Any CPU
		{704438D0-8912-4A13-9329-23EDDC32645C}.Release|Any CPU.Build.0 = Release|Any CPU
	EndGlobalSection
	GlobalSection(SolutionProperties) = preSolution
		HideSolutionNode = FALSE
	EndGlobalSection
	GlobalSection(ExtensibilityGlobals) = postSolution
		SolutionGuid = {5B3C2172-0439-47F6-919D-27975628D643}
	EndGlobalSection
EndGlobal
